// !$*UTF8*$!
{
	archiveVersion = 1;
	classes = {
	};
	objectVersion = 56;
	objects = {

/* Begin PBXBuildFile section */
		5D014AC22AFF77E6007ED2FC /* Persistence.swift in Sources */ = {isa = PBXBuildFile; fileRef = 5D014AC02AFF77E6007ED2FC /* Persistence.swift */; };
		5D014AC32AFF77E6007ED2FC /* FetchedObjects.swift in Sources */ = {isa = PBXBuildFile; fileRef = 5D014AC12AFF77E6007ED2FC /* FetchedObjects.swift */; };
		5D014AC52AFF77F7007ED2FC /* MenuList.swift in Sources */ = {isa = PBXBuildFile; fileRef = 5D014AC42AFF77F7007ED2FC /* MenuList.swift */; };
		5D014AC72AFF7815007ED2FC /* MenuItem.swift in Sources */ = {isa = PBXBuildFile; fileRef = 5D014AC62AFF7815007ED2FC /* MenuItem.swift */; };
		5D014ACA2AFF7B1D007ED2FC /* ExampleDatabase.xcdatamodeld in Sources */ = {isa = PBXBuildFile; fileRef = 5D014AC82AFF7B1D007ED2FC /* ExampleDatabase.xcdatamodeld */; };
		5D46A46D2AFAAB240072CF3E /* Little_LemonApp.swift in Sources */ = {isa = PBXBuildFile; fileRef = 5D46A46C2AFAAB240072CF3E /* Little_LemonApp.swift */; };
		5D46A4712AFAAB250072CF3E /* Assets.xcassets in Resources */ = {isa = PBXBuildFile; fileRef = 5D46A4702AFAAB250072CF3E /* Assets.xcassets */; };
		5D46A4742AFAAB250072CF3E /* Preview Assets.xcassets in Resources */ = {isa = PBXBuildFile; fileRef = 5D46A4732AFAAB250072CF3E /* Preview Assets.xcassets */; };
		5D94BBE32AFC215500B97CA3 /* Onboarding.swift in Sources */ = {isa = PBXBuildFile; fileRef = 5D94BBE22AFC215500B97CA3 /* Onboarding.swift */; };
		5D94BBE52AFD66DE00B97CA3 /* Home.swift in Sources */ = {isa = PBXBuildFile; fileRef = 5D94BBE42AFD66DE00B97CA3 /* Home.swift */; };
		5D94BBE72AFD67D300B97CA3 /* Menu.swift in Sources */ = {isa = PBXBuildFile; fileRef = 5D94BBE62AFD67D300B97CA3 /* Menu.swift */; };
		5D94BBE92AFD6F9A00B97CA3 /* UserProfile.swift in Sources */ = {isa = PBXBuildFile; fileRef = 5D94BBE82AFD6F9A00B97CA3 /* UserProfile.swift */; };
/* End PBXBuildFile section */

/* Begin PBXFileReference section */
		5D014AC02AFF77E6007ED2FC /* Persistence.swift */ = {isa = PBXFileReference; fileEncoding = 4; lastKnownFileType = sourcecode.swift; path = Persistence.swift; sourceTree = "<group>"; };
		5D014AC12AFF77E6007ED2FC /* FetchedObjects.swift */ = {isa = PBXFileReference; fileEncoding = 4; lastKnownFileType = sourcecode.swift; path = FetchedObjects.swift; sourceTree = "<group>"; };
		5D014AC42AFF77F7007ED2FC /* MenuList.swift */ = {isa = PBXFileReference; lastKnownFileType = sourcecode.swift; path = MenuList.swift; sourceTree = "<group>"; };
		5D014AC62AFF7815007ED2FC /* MenuItem.swift */ = {isa = PBXFileReference; lastKnownFileType = sourcecode.swift; path = MenuItem.swift; sourceTree = "<group>"; };
		5D014AC92AFF7B1D007ED2FC /* ExampleDatabase.xcdatamodel */ = {isa = PBXFileReference; lastKnownFileType = wrapper.xcdatamodel; path = ExampleDatabase.xcdatamodel; sourceTree = "<group>"; };
		5D46A4692AFAAB240072CF3E /* Little Lemon.app */ = {isa = PBXFileReference; explicitFileType = wrapper.application; includeInIndex = 0; path = "Little Lemon.app"; sourceTree = BUILT_PRODUCTS_DIR; };
		5D46A46C2AFAAB240072CF3E /* Little_LemonApp.swift */ = {isa = PBXFileReference; lastKnownFileType = sourcecode.swift; path = Little_LemonApp.swift; sourceTree = "<group>"; };
		5D46A4702AFAAB250072CF3E /* Assets.xcassets */ = {isa = PBXFileReference; lastKnownFileType = folder.assetcatalog; path = Assets.xcassets; sourceTree = "<group>"; };
		5D46A4732AFAAB250072CF3E /* Preview Assets.xcassets */ = {isa = PBXFileReference; lastKnownFileType = folder.assetcatalog; path = "Preview Assets.xcassets"; sourceTree = "<group>"; };
		5D94BBE22AFC215500B97CA3 /* Onboarding.swift */ = {isa = PBXFileReference; lastKnownFileType = sourcecode.swift; path = Onboarding.swift; sourceTree = "<group>"; };
		5D94BBE42AFD66DE00B97CA3 /* Home.swift */ = {isa = PBXFileReference; lastKnownFileType = sourcecode.swift; path = Home.swift; sourceTree = "<group>"; };
		5D94BBE62AFD67D300B97CA3 /* Menu.swift */ = {isa = PBXFileReference; lastKnownFileType = sourcecode.swift; path = Menu.swift; sourceTree = "<group>"; };
		5D94BBE82AFD6F9A00B97CA3 /* UserProfile.swift */ = {isa = PBXFileReference; lastKnownFileType = sourcecode.swift; path = UserProfile.swift; sourceTree = "<group>"; };
/* End PBXFileReference section */

/* Begin PBXFrameworksBuildPhase section */
		5D46A4662AFAAB240072CF3E /* Frameworks */ = {
			isa = PBXFrameworksBuildPhase;
			buildActionMask = 2147483647;
			files = (
			);
			runOnlyForDeploymentPostprocessing = 0;
		};
/* End PBXFrameworksBuildPhase section */

/* Begin PBXGroup section */
		5D46A4602AFAAB240072CF3E = {
			isa = PBXGroup;
			children = (
				5D46A46B2AFAAB240072CF3E /* Little Lemon */,
				5D46A46A2AFAAB240072CF3E /* Products */,
			);
			sourceTree = "<group>";
		};
		5D46A46A2AFAAB240072CF3E /* Products */ = {
			isa = PBXGroup;
			children = (
				5D46A4692AFAAB240072CF3E /* Little Lemon.app */,
			);
			name = Products;
			sourceTree = "<group>";
		};
		5D46A46B2AFAAB240072CF3E /* Little Lemon */ = {
			isa = PBXGroup;
			children = (
				5DCC65772AFF816700D52950 /* Models */,
				5DCC65762AFF814C00D52950 /* Views */,
				5D014AC12AFF77E6007ED2FC /* FetchedObjects.swift */,
				5D014AC02AFF77E6007ED2FC /* Persistence.swift */,
				5D46A46C2AFAAB240072CF3E /* Little_LemonApp.swift */,
				5D46A4702AFAAB250072CF3E /* Assets.xcassets */,
				5D46A4722AFAAB250072CF3E /* Preview Content */,
				5D014AC82AFF7B1D007ED2FC /* ExampleDatabase.xcdatamodeld */,
			);
			path = "Little Lemon";
			sourceTree = "<group>";
		};
		5D46A4722AFAAB250072CF3E /* Preview Content */ = {
			isa = PBXGroup;
			children = (
				5D46A4732AFAAB250072CF3E /* Preview Assets.xcassets */,
			);
			path = "Preview Content";
			sourceTree = "<group>";
		};
		5DCC65762AFF814C00D52950 /* Views */ = {
			isa = PBXGroup;
			children = (
				5D94BBE22AFC215500B97CA3 /* Onboarding.swift */,
				5D94BBE82AFD6F9A00B97CA3 /* UserProfile.swift */,
				5D94BBE42AFD66DE00B97CA3 /* Home.swift */,
				5D94BBE62AFD67D300B97CA3 /* Menu.swift */,
			);
			path = Views;
			sourceTree = "<group>";
		};
		5DCC65772AFF816700D52950 /* Models */ = {
			isa = PBXGroup;
			children = (
				5D014AC42AFF77F7007ED2FC /* MenuList.swift */,
				5D014AC62AFF7815007ED2FC /* MenuItem.swift */,
			);
			path = Models;
			sourceTree = "<group>";
		};
/* End PBXGroup section */

/* Begin PBXNativeTarget section */
		5D46A4682AFAAB240072CF3E /* Little Lemon */ = {
			isa = PBXNativeTarget;
			buildConfigurationList = 5D46A4772AFAAB250072CF3E /* Build configuration list for PBXNativeTarget "Little Lemon" */;
			buildPhases = (
				5D46A4652AFAAB240072CF3E /* Sources */,
				5D46A4662AFAAB240072CF3E /* Frameworks */,
				5D46A4672AFAAB240072CF3E /* Resources */,
			);
			buildRules = (
			);
			dependencies = (
			);
			name = "Little Lemon";
			productName = "Little Lemon";
			productReference = 5D46A4692AFAAB240072CF3E /* Little Lemon.app */;
			productType = "com.apple.product-type.application";
		};
/* End PBXNativeTarget section */

/* Begin PBXProject section */
		5D46A4612AFAAB240072CF3E /* Project object */ = {
			isa = PBXProject;
			attributes = {
				BuildIndependentTargetsInParallel = 1;
				LastSwiftUpdateCheck = 1420;
				LastUpgradeCheck = 1420;
				TargetAttributes = {
					5D46A4682AFAAB240072CF3E = {
						CreatedOnToolsVersion = 14.2;
					};
				};
			};
			buildConfigurationList = 5D46A4642AFAAB240072CF3E /* Build configuration list for PBXProject "Little Lemon" */;
			compatibilityVersion = "Xcode 14.0";
			developmentRegion = en;
			hasScannedForEncodings = 0;
			knownRegions = (
				en,
				Base,
			);
			mainGroup = 5D46A4602AFAAB240072CF3E;
			productRefGroup = 5D46A46A2AFAAB240072CF3E /* Products */;
			projectDirPath = "";
			projectRoot = "";
			targets = (
				5D46A4682AFAAB240072CF3E /* Little Lemon */,
			);
		};
/* End PBXProject section */

/* Begin PBXResourcesBuildPhase section */
		5D46A4672AFAAB240072CF3E /* Resources */ = {
			isa = PBXResourcesBuildPhase;
			buildActionMask = 2147483647;
			files = (
				5D46A4742AFAAB250072CF3E /* Preview Assets.xcassets in Resources */,
				5D46A4712AFAAB250072CF3E /* Assets.xcassets in Resources */,
			);
			runOnlyForDeploymentPostprocessing = 0;
		};
/* End PBXResourcesBuildPhase section */

/* Begin PBXSourcesBuildPhase section */
		5D46A4652AFAAB240072CF3E /* Sources */ = {
			isa = PBXSourcesBuildPhase;
			buildActionMask = 2147483647;
			files = (
				5D94BBE32AFC215500B97CA3 /* Onboarding.swift in Sources */,
				5D94BBE52AFD66DE00B97CA3 /* Home.swift in Sources */,
				5D014AC52AFF77F7007ED2FC /* MenuList.swift in Sources */,
				5D94BBE92AFD6F9A00B97CA3 /* UserProfile.swift in Sources */,
				5D014AC22AFF77E6007ED2FC /* Persistence.swift in Sources */,
				5D014ACA2AFF7B1D007ED2FC /* ExampleDatabase.xcdatamodeld in Sources */,
				5D94BBE72AFD67D300B97CA3 /* Menu.swift in Sources */,
				5D014AC72AFF7815007ED2FC /* MenuItem.swift in Sources */,
				5D014AC32AFF77E6007ED2FC /* FetchedObjects.swift in Sources */,
				5D46A46D2AFAAB240072CF3E /* Little_LemonApp.swift in Sources */,
			);
			runOnlyForDeploymentPostprocessing = 0;
		};
/* End PBXSourcesBuildPhase section */

/* Begin XCBuildConfiguration section */
		5D46A4752AFAAB250072CF3E /* Debug */ = {
			isa = XCBuildConfiguration;
			buildSettings = {
				ALWAYS_SEARCH_USER_PATHS = NO;
				CLANG_ANALYZER_NONNULL = YES;
				CLANG_ANALYZER_NUMBER_OBJECT_CONVERSION = YES_AGGRESSIVE;
				CLANG_CXX_LANGUAGE_STANDARD = "gnu++20";
				CLANG_ENABLE_MODULES = YES;
				CLANG_ENABLE_OBJC_ARC = YES;
				CLANG_ENABLE_OBJC_WEAK = YES;
				CLANG_WARN_BLOCK_CAPTURE_AUTORELEASING = YES;
				CLANG_WARN_BOOL_CONVERSION = YES;
				CLANG_WARN_COMMA = YES;
				CLANG_WARN_CONSTANT_CONVERSION = YES;
				CLANG_WARN_DEPRECATED_OBJC_IMPLEMENTATIONS = YES;
				CLANG_WARN_DIRECT_OBJC_ISA_USAGE = YES_ERROR;
				CLANG_WARN_DOCUMENTATION_COMMENTS = YES;
				CLANG_WARN_EMPTY_BODY = YES;
				CLANG_WARN_ENUM_CONVERSION = YES;
				CLANG_WARN_INFINITE_RECURSION = YES;
				CLANG_WARN_INT_CONVERSION = YES;
				CLANG_WARN_NON_LITERAL_NULL_CONVERSION = YES;
				CLANG_WARN_OBJC_IMPLICIT_RETAIN_SELF = YES;
				CLANG_WARN_OBJC_LITERAL_CONVERSION = YES;
				CLANG_WARN_OBJC_ROOT_CLASS = YES_ERROR;
				CLANG_WARN_QUOTED_INCLUDE_IN_FRAMEWORK_HEADER = YES;
				CLANG_WARN_RANGE_LOOP_ANALYSIS = YES;
				CLANG_WARN_STRICT_PROTOTYPES = YES;
				CLANG_WARN_SUSPICIOUS_MOVE = YES;
				CLANG_WARN_UNGUARDED_AVAILABILITY = YES_AGGRESSIVE;
				CLANG_WARN_UNREACHABLE_CODE = YES;
				CLANG_WARN__DUPLICATE_METHOD_MATCH = YES;
				COPY_PHASE_STRIP = NO;
				DEBUG_INFORMATION_FORMAT = dwarf;
				ENABLE_STRICT_OBJC_MSGSEND = YES;
				ENABLE_TESTABILITY = YES;
				GCC_C_LANGUAGE_STANDARD = gnu11;
				GCC_DYNAMIC_NO_PIC = NO;
				GCC_NO_COMMON_BLOCKS = YES;
				GCC_OPTIMIZATION_LEVEL = 0;
				GCC_PREPROCESSOR_DEFINITIONS = (
					"DEBUG=1",
					"$(inherited)",
				);
				GCC_WARN_64_TO_32_BIT_CONVERSION = YES;
				GCC_WARN_ABOUT_RETURN_TYPE = YES_ERROR;
				GCC_WARN_UNDECLARED_SELECTOR = YES;
				GCC_WARN_UNINITIALIZED_AUTOS = YES_AGGRESSIVE;
				GCC_WARN_UNUSED_FUNCTION = YES;
				GCC_WARN_UNUSED_VARIABLE = YES;
				IPHONEOS_DEPLOYMENT_TARGET = 16.2;
				MTL_ENABLE_DEBUG_INFO = INCLUDE_SOURCE;
				MTL_FAST_MATH = YES;
				ONLY_ACTIVE_ARCH = YES;
				SDKROOT = iphoneos;
				SWIFT_ACTIVE_COMPILATION_CONDITIONS = DEBUG;
				SWIFT_OPTIMIZATION_LEVEL = "-Onone";
			};
			name = Debug;
		};
		5D46A4762AFAAB250072CF3E /* Release */ = {
			isa = XCBuildConfiguration;
			buildSettings = {
				ALWAYS_SEARCH_USER_PATHS = NO;
				CLANG_ANALYZER_NONNULL = YES;
				CLANG_ANALYZER_NUMBER_OBJECT_CONVERSION = YES_AGGRESSIVE;
				CLANG_CXX_LANGUAGE_STANDARD = "gnu++20";
				CLANG_ENABLE_MODULES = YES;
				CLANG_ENABLE_OBJC_ARC = YES;
				CLANG_ENABLE_OBJC_WEAK = YES;
				CLANG_WARN_BLOCK_CAPTURE_AUTORELEASING = YES;
				CLANG_WARN_BOOL_CONVERSION = YES;
				CLANG_WARN_COMMA = YES;
				CLANG_WARN_CONSTANT_CONVERSION = YES;
				CLANG_WARN_DEPRECATED_OBJC_IMPLEMENTATIONS = YES;
				CLANG_WARN_DIRECT_OBJC_ISA_USAGE = YES_ERROR;
				CLANG_WARN_DOCUMENTATION_COMMENTS = YES;
				CLANG_WARN_EMPTY_BODY = YES;
				CLANG_WARN_ENUM_CONVERSION = YES;
				CLANG_WARN_INFINITE_RECURSION = YES;
				CLANG_WARN_INT_CONVERSION = YES;
				CLANG_WARN_NON_LITERAL_NULL_CONVERSION = YES;
				CLANG_WARN_OBJC_IMPLICIT_RETAIN_SELF = YES;
				CLANG_WARN_OBJC_LITERAL_CONVERSION = YES;
				CLANG_WARN_OBJC_ROOT_CLASS = YES_ERROR;
				CLANG_WARN_QUOTED_INCLUDE_IN_FRAMEWORK_HEADER = YES;
				CLANG_WARN_RANGE_LOOP_ANALYSIS = YES;
				CLANG_WARN_STRICT_PROTOTYPES = YES;
				CLANG_WARN_SUSPICIOUS_MOVE = YES;
				CLANG_WARN_UNGUARDED_AVAILABILITY = YES_AGGRESSIVE;
				CLANG_WARN_UNREACHABLE_CODE = YES;
				CLANG_WARN__DUPLICATE_METHOD_MATCH = YES;
				COPY_PHASE_STRIP = NO;
				DEBUG_INFORMATION_FORMAT = "dwarf-with-dsym";
				ENABLE_NS_ASSERTIONS = NO;
				ENABLE_STRICT_OBJC_MSGSEND = YES;
				GCC_C_LANGUAGE_STANDARD = gnu11;
				GCC_NO_COMMON_BLOCKS = YES;
				GCC_WARN_64_TO_32_BIT_CONVERSION = YES;
				GCC_WARN_ABOUT_RETURN_TYPE = YES_ERROR;
				GCC_WARN_UNDECLARED_SELECTOR = YES;
				GCC_WARN_UNINITIALIZED_AUTOS = YES_AGGRESSIVE;
				GCC_WARN_UNUSED_FUNCTION = YES;
				GCC_WARN_UNUSED_VARIABLE = YES;
				IPHONEOS_DEPLOYMENT_TARGET = 16.2;
				MTL_ENABLE_DEBUG_INFO = NO;
				MTL_FAST_MATH = YES;
				SDKROOT = iphoneos;
				SWIFT_COMPILATION_MODE = wholemodule;
				SWIFT_OPTIMIZATION_LEVEL = "-O";
				VALIDATE_PRODUCT = YES;
			};
			name = Release;
		};
		5D46A4782AFAAB250072CF3E /* Debug */ = {
			isa = XCBuildConfiguration;
			buildSettings = {
				ASSETCATALOG_COMPILER_APPICON_NAME = AppIcon;
				ASSETCATALOG_COMPILER_GLOBAL_ACCENT_COLOR_NAME = AccentColor;
				CODE_SIGN_STYLE = Automatic;
				CURRENT_PROJECT_VERSION = 1;
				DEVELOPMENT_ASSET_PATHS = "\"Little Lemon/Preview Content\"";
				ENABLE_PREVIEWS = YES;
				GENERATE_INFOPLIST_FILE = YES;
				INFOPLIST_KEY_UIApplicationSceneManifest_Generation = YES;
				INFOPLIST_KEY_UIApplicationSupportsIndirectInputEvents = YES;
				INFOPLIST_KEY_UILaunchScreen_Generation = YES;
				INFOPLIST_KEY_UISupportedInterfaceOrientations_iPad = "UIInterfaceOrientationPortrait UIInterfaceOrientationPortraitUpsideDown UIInterfaceOrientationLandscapeLeft UIInterfaceOrientationLandscapeRight";
				INFOPLIST_KEY_UISupportedInterfaceOrientations_iPhone = "UIInterfaceOrientationPortrait UIInterfaceOrientationLandscapeLeft UIInterfaceOrientationLandscapeRight";
				LD_RUNPATH_SEARCH_PATHS = (
					"$(inherited)",
					"@executable_path/Frameworks",
				);
				MARKETING_VERSION = 1.0;
				PRODUCT_BUNDLE_IDENTIFIER = "com.littlelemon.Little-Lemon";
				PRODUCT_NAME = "$(TARGET_NAME)";
				SWIFT_EMIT_LOC_STRINGS = YES;
				SWIFT_VERSION = 5.0;
				TARGETED_DEVICE_FAMILY = "1,2";
			};
			name = Debug;
		};
		5D46A4792AFAAB250072CF3E /* Release */ = {
			isa = XCBuildConfiguration;
			buildSettings = {
				ASSETCATALOG_COMPILER_APPICON_NAME = AppIcon;
				ASSETCATALOG_COMPILER_GLOBAL_ACCENT_COLOR_NAME = AccentColor;
				CODE_SIGN_STYLE = Automatic;
				CURRENT_PROJECT_VERSION = 1;
				DEVELOPMENT_ASSET_PATHS = "\"Little Lemon/Preview Content\"";
				ENABLE_PREVIEWS = YES;
				GENERATE_INFOPLIST_FILE = YES;
				INFOPLIST_KEY_UIApplicationSceneManifest_Generation = YES;
				INFOPLIST_KEY_UIApplicationSupportsIndirectInputEvents = YES;
				INFOPLIST_KEY_UILaunchScreen_Generation = YES;
				INFOPLIST_KEY_UISupportedInterfaceOrientations_iPad = "UIInterfaceOrientationPortrait UIInterfaceOrientationPortraitUpsideDown UIInterfaceOrientationLandscapeLeft UIInterfaceOrientationLandscapeRight";
				INFOPLIST_KEY_UISupportedInterfaceOrientations_iPhone = "UIInterfaceOrientationPortrait UIInterfaceOrientationLandscapeLeft UIInterfaceOrientationLandscapeRight";
				LD_RUNPATH_SEARCH_PATHS = (
					"$(inherited)",
					"@executable_path/Frameworks",
				);
				MARKETING_VERSION = 1.0;
				PRODUCT_BUNDLE_IDENTIFIER = "com.littlelemon.Little-Lemon";
				PRODUCT_NAME = "$(TARGET_NAME)";
				SWIFT_EMIT_LOC_STRINGS = YES;
				SWIFT_VERSION = 5.0;
				TARGETED_DEVICE_FAMILY = "1,2";
			};
			name = Release;
		};
/* End XCBuildConfiguration section */

/* Begin XCConfigurationList section */
		5D46A4642AFAAB240072CF3E /* Build configuration list for PBXProject "Little Lemon" */ = {
			isa = XCConfigurationList;
			buildConfigurations = (
				5D46A4752AFAAB250072CF3E /* Debug */,
				5D46A4762AFAAB250072CF3E /* Release */,
			);
			defaultConfigurationIsVisible = 0;
			defaultConfigurationName = Release;
		};
		5D46A4772AFAAB250072CF3E /* Build configuration list for PBXNativeTarget "Little Lemon" */ = {
			isa = XCConfigurationList;
			buildConfigurations = (
				5D46A4782AFAAB250072CF3E /* Debug */,
				5D46A4792AFAAB250072CF3E /* Release */,
			);
			defaultConfigurationIsVisible = 0;
			defaultConfigurationName = Release;
		};
/* End XCConfigurationList section */

/* Begin XCVersionGroup section */
		5D014AC82AFF7B1D007ED2FC /* ExampleDatabase.xcdatamodeld */ = {
			isa = XCVersionGroup;
			children = (
				5D014AC92AFF7B1D007ED2FC /* ExampleDatabase.xcdatamodel */,
			);
			currentVersion = 5D014AC92AFF7B1D007ED2FC /* ExampleDatabase.xcdatamodel */;
			path = ExampleDatabase.xcdatamodeld;
			sourceTree = "<group>";
			versionGroupType = wrapper.xcdatamodel;
		};
/* End XCVersionGroup section */
	};
	rootObject = 5D46A4612AFAAB240072CF3E /* Project object */;
}
